
Microsoft Visual Studio Solution File, Format Version 12.00
# Visual Studio 14
VisualStudioVersion = 14.0.25420.1
MinimumVisualStudioVersion = 10.0.40219.1
Project("{FAE04EC0-301F-11D3-BF4B-00C04F79EFBC}") = "PinzOutlookAddIn", "PinzOutlookAddIn\PinzOutlookAddIn.csproj", "{3B0D5A21-564F-428B-9DCA-44B3A4E40A50}"
EndProject
Project("{FAE04EC0-301F-11D3-BF4B-00C04F79EFBC}") = "Pinz.Client.Outlook.Service", "Pinz.Client.Outlook.Service\Pinz.Client.Outlook.Service.csproj", "{91690085-1C83-4E95-B4EF-FC7AEEBA9CA2}"
EndProject
Project("{FAE04EC0-301F-11D3-BF4B-00C04F79EFBC}") = "Pinz.Client.Outlook.Module.TaskManager", "Pinz.Client.Outlook.Module.TaskManager\Pinz.Client.Outlook.Module.TaskManager.csproj", "{3025AA45-5C68-40A8-B0B8-46EDA39FC0FA}"
EndProject
Project("{FAE04EC0-301F-11D3-BF4B-00C04F79EFBC}") = "Pinz.Client.Commons", "Pinz.Client.Commons\Pinz.Client.Commons.csproj", "{64BBC1DC-7F3B-4BBF-871D-FABFD6EA3721}"
EndProject
Project("{FAE04EC0-301F-11D3-BF4B-00C04F79EFBC}") = "Pinz.Client.Commons.UnitTest", "Pinz.Client.Commons.UnitTest\Pinz.Client.Commons.UnitTest.csproj", "{B693BC08-88FF-44AE-846A-F26B14F83ECA}"
EndProject
Project("{FAE04EC0-301F-11D3-BF4B-00C04F79EFBC}") = "Pinz.Client.Module.Administration", "Pinz.Client.Module.Administration\Pinz.Client.Module.Administration.csproj", "{443C39E4-79C4-4C24-BDC3-136033375319}"
EndProject
Project("{FAE04EC0-301F-11D3-BF4B-00C04F79EFBC}") = "Pinz.Client.Module.Login", "Pinz.Client.Module.Login\Pinz.Client.Module.Login.csproj", "{085572F8-2FBB-47F6-8E5F-12341EBC1159}"
EndProject
Project("{FAE04EC0-301F-11D3-BF4B-00C04F79EFBC}") = "Pinz.Client.Module.Main", "Pinz.Client.Module.Main\Pinz.Client.Module.Main.csproj", "{2E531EA6-A500-4AE2-880B-FA49D1E2DD16}"
EndProject
Project("{FAE04EC0-301F-11D3-BF4B-00C04F79EFBC}") = "Pinz.Client.Module.TaskManager", "Pinz.Client.Module.TaskManager\Pinz.Client.Module.TaskManager.csproj", "{FB721829-CE20-482A-A5E3-E544450EC4CC}"
EndProject
Project("{FAE04EC0-301F-11D3-BF4B-00C04F79EFBC}") = "Pinz.Client.Module.TaskManager.DesignModels", "Pinz.Client.Module.TaskManager.DesignModels\Pinz.Client.Module.TaskManager.DesignModels.csproj", "{028C2DAE-B765-406A-B97A-09ADEB9797F8}"
EndProject
Project("{FAE04EC0-301F-11D3-BF4B-00C04F79EFBC}") = "Pinz.Client.Module.TaskManager.UnitTest", "Pinz.Client.Module.TaskManager.UnitTest\Pinz.Client.Module.TaskManager.UnitTest.csproj", "{90A952A4-D765-43D9-966D-1474DE603E25}"
EndProject
Project("{FAE04EC0-301F-11D3-BF4B-00C04F79EFBC}") = "Pinz.Client.RemoteServiceConsumer", "Pinz.Client.RemoteServiceConsumer\Pinz.Client.RemoteServiceConsumer.csproj", "{AC10ED84-4EFC-41F3-ACDD-709B51BEFBB3}"
EndProject
Project("{FAE04EC0-301F-11D3-BF4B-00C04F79EFBC}") = "Pinz.Client.RemoteServiceConsumer.IntegrationTest", "Pinz.Client.RemoteServiceConsumer.IntegrationTest\Pinz.Client.RemoteServiceConsumer.IntegrationTest.csproj", "{FF2DED53-E8F4-4E9F-BA8B-BD3ACD7D1C15}"
EndProject
Project("{2150E333-8FDC-42A3-9474-1A3956D46DE8}") = "Test", "Test", "{B93371DB-ACA4-41F5-88C5-F1D1709474A5}"
EndProject
Project("{2150E333-8FDC-42A3-9474-1A3956D46DE8}") = "Module", "Module", "{FD4E512E-24F8-4FA8-B142-427E06EF1332}"
EndProject
Global
	GlobalSection(SolutionConfigurationPlatforms) = preSolution
		Debug|Any CPU = Debug|Any CPU
		Release|Any CPU = Release|Any CPU
	EndGlobalSection
	GlobalSection(ProjectConfigurationPlatforms) = postSolution
		{3B0D5A21-564F-428B-9DCA-44B3A4E40A50}.Debug|Any CPU.ActiveCfg = Debug|Any CPU
		{3B0D5A21-564F-428B-9DCA-44B3A4E40A50}.Debug|Any CPU.Build.0 = Debug|Any CPU
		{3B0D5A21-564F-428B-9DCA-44B3A4E40A50}.Release|Any CPU.ActiveCfg = Release|Any CPU
		{3B0D5A21-564F-428B-9DCA-44B3A4E40A50}.Release|Any CPU.Build.0 = Release|Any CPU
		{91690085-1C83-4E95-B4EF-FC7AEEBA9CA2}.Debug|Any CPU.ActiveCfg = Debug|Any CPU
		{91690085-1C83-4E95-B4EF-FC7AEEBA9CA2}.Debug|Any CPU.Build.0 = Debug|Any CPU
		{91690085-1C83-4E95-B4EF-FC7AEEBA9CA2}.Release|Any CPU.ActiveCfg = Release|Any CPU
		{91690085-1C83-4E95-B4EF-FC7AEEBA9CA2}.Release|Any CPU.Build.0 = Release|Any CPU
		{3025AA45-5C68-40A8-B0B8-46EDA39FC0FA}.Debug|Any CPU.ActiveCfg = Debug|Any CPU
		{3025AA45-5C68-40A8-B0B8-46EDA39FC0FA}.Debug|Any CPU.Build.0 = Debug|Any CPU
		{3025AA45-5C68-40A8-B0B8-46EDA39FC0FA}.Release|Any CPU.ActiveCfg = Release|Any CPU
		{3025AA45-5C68-40A8-B0B8-46EDA39FC0FA}.Release|Any CPU.Build.0 = Release|Any CPU
		{64BBC1DC-7F3B-4BBF-871D-FABFD6EA3721}.Debug|Any CPU.ActiveCfg = Debug|Any CPU
		{64BBC1DC-7F3B-4BBF-871D-FABFD6EA3721}.Debug|Any CPU.Build.0 = Debug|Any CPU
		{64BBC1DC-7F3B-4BBF-871D-FABFD6EA3721}.Release|Any CPU.ActiveCfg = Release|Any CPU
		{64BBC1DC-7F3B-4BBF-871D-FABFD6EA3721}.Release|Any CPU.Build.0 = Release|Any CPU
		{B693BC08-88FF-44AE-846A-F26B14F83ECA}.Debug|Any CPU.ActiveCfg = Debug|Any CPU
		{B693BC08-88FF-44AE-846A-F26B14F83ECA}.Debug|Any CPU.Build.0 = Debug|Any CPU
		{B693BC08-88FF-44AE-846A-F26B14F83ECA}.Release|Any CPU.ActiveCfg = Release|Any CPU
		{B693BC08-88FF-44AE-846A-F26B14F83ECA}.Release|Any CPU.Build.0 = Release|Any CPU
		{443C39E4-79C4-4C24-BDC3-136033375319}.Debug|Any CPU.ActiveCfg = Debug|Any CPU
		{443C39E4-79C4-4C24-BDC3-136033375319}.Debug|Any CPU.Build.0 = Debug|Any CPU
		{443C39E4-79C4-4C24-BDC3-136033375319}.Release|Any CPU.ActiveCfg = Release|Any CPU
		{443C39E4-79C4-4C24-BDC3-136033375319}.Release|Any CPU.Build.0 = Release|Any CPU
		{085572F8-2FBB-47F6-8E5F-12341EBC1159}.Debug|Any CPU.ActiveCfg = Debug|Any CPU
		{085572F8-2FBB-47F6-8E5F-12341EBC1159}.Debug|Any CPU.Build.0 = Debug|Any CPU
		{085572F8-2FBB-47F6-8E5F-12341EBC1159}.Release|Any CPU.ActiveCfg = Release|Any CPU
		{085572F8-2FBB-47F6-8E5F-12341EBC1159}.Release|Any CPU.Build.0 = Release|Any CPU
		{2E531EA6-A500-4AE2-880B-FA49D1E2DD16}.Debug|Any CPU.ActiveCfg = Debug|Any CPU
		{2E531EA6-A500-4AE2-880B-FA49D1E2DD16}.Debug|Any CPU.Build.0 = Debug|Any CPU
		{2E531EA6-A500-4AE2-880B-FA49D1E2DD16}.Release|Any CPU.ActiveCfg = Release|Any CPU
		{2E531EA6-A500-4AE2-880B-FA49D1E2DD16}.Release|Any CPU.Build.0 = Release|Any CPU
		{FB721829-CE20-482A-A5E3-E544450EC4CC}.Debug|Any CPU.ActiveCfg = Debug|Any CPU
		{FB721829-CE20-482A-A5E3-E544450EC4CC}.Debug|Any CPU.Build.0 = Debug|Any CPU
		{FB721829-CE20-482A-A5E3-E544450EC4CC}.Release|Any CPU.ActiveCfg = Release|Any CPU
		{FB721829-CE20-482A-A5E3-E544450EC4CC}.Release|Any CPU.Build.0 = Release|Any CPU
		{028C2DAE-B765-406A-B97A-09ADEB9797F8}.Debug|Any CPU.ActiveCfg = Debug|Any CPU
		{028C2DAE-B765-406A-B97A-09ADEB9797F8}.Debug|Any CPU.Build.0 = Debug|Any CPU
		{028C2DAE-B765-406A-B97A-09ADEB9797F8}.Release|Any CPU.ActiveCfg = Release|Any CPU
		{028C2DAE-B765-406A-B97A-09ADEB9797F8}.Release|Any CPU.Build.0 = Release|Any CPU
		{90A952A4-D765-43D9-966D-1474DE603E25}.Debug|Any CPU.ActiveCfg = Debug|Any CPU
		{90A952A4-D765-43D9-966D-1474DE603E25}.Debug|Any CPU.Build.0 = Debug|Any CPU
		{90A952A4-D765-43D9-966D-1474DE603E25}.Release|Any CPU.ActiveCfg = Release|Any CPU
		{90A952A4-D765-43D9-966D-1474DE603E25}.Release|Any CPU.Build.0 = Release|Any CPU
		{AC10ED84-4EFC-41F3-ACDD-709B51BEFBB3}.Debug|Any CPU.ActiveCfg = Debug|Any CPU
		{AC10ED84-4EFC-41F3-ACDD-709B51BEFBB3}.Debug|Any CPU.Build.0 = Debug|Any CPU
		{AC10ED84-4EFC-41F3-ACDD-709B51BEFBB3}.Release|Any CPU.ActiveCfg = Release|Any CPU
		{AC10ED84-4EFC-41F3-ACDD-709B51BEFBB3}.Release|Any CPU.Build.0 = Release|Any CPU
		{FF2DED53-E8F4-4E9F-BA8B-BD3ACD7D1C15}.Debug|Any CPU.ActiveCfg = Debug|Any CPU
		{FF2DED53-E8F4-4E9F-BA8B-BD3ACD7D1C15}.Debug|Any CPU.Build.0 = Debug|Any CPU
		{FF2DED53-E8F4-4E9F-BA8B-BD3ACD7D1C15}.Release|Any CPU.ActiveCfg = Release|Any CPU
		{FF2DED53-E8F4-4E9F-BA8B-BD3ACD7D1C15}.Release|Any CPU.Build.0 = Release|Any CPU
	EndGlobalSection
	GlobalSection(SolutionProperties) = preSolution
		HideSolutionNode = FALSE
	EndGlobalSection
	GlobalSection(NestedProjects) = preSolution
		{B693BC08-88FF-44AE-846A-F26B14F83ECA} = {B93371DB-ACA4-41F5-88C5-F1D1709474A5}
		{443C39E4-79C4-4C24-BDC3-136033375319} = {FD4E512E-24F8-4FA8-B142-427E06EF1332}
		{085572F8-2FBB-47F6-8E5F-12341EBC1159} = {FD4E512E-24F8-4FA8-B142-427E06EF1332}
		{2E531EA6-A500-4AE2-880B-FA49D1E2DD16} = {FD4E512E-24F8-4FA8-B142-427E06EF1332}
		{FB721829-CE20-482A-A5E3-E544450EC4CC} = {FD4E512E-24F8-4FA8-B142-427E06EF1332}
		{028C2DAE-B765-406A-B97A-09ADEB9797F8} = {B93371DB-ACA4-41F5-88C5-F1D1709474A5}
		{90A952A4-D765-43D9-966D-1474DE603E25} = {B93371DB-ACA4-41F5-88C5-F1D1709474A5}
		{FF2DED53-E8F4-4E9F-BA8B-BD3ACD7D1C15} = {B93371DB-ACA4-41F5-88C5-F1D1709474A5}
	EndGlobalSection
EndGlobal
